PODS:
  - Alamofire (4.9.1)
  - CRNotifications (1.2.1)
  - FloatingPanel (1.7.5)
  - GSKStretchyHeaderView (1.0.4)
  - IQKeyboardManagerSwift (6.5.5)
  - SDWebImage (4.4.8):
    - SDWebImage/Core (= 4.4.8)
  - SDWebImage/Core (4.4.8)
  - SKCountryPicker (1.2.9)
  - TransitionButton (0.5.3)

DEPENDENCIES:
  - Alamofire (~> 4.5)
  - CRNotifications
  - FloatingPanel
  - GSKStretchyHeaderView
  - IQKeyboardManagerSwift
  - SDWebImage (~> 4.4.6)
  - SKCountryPicker
  - TransitionButton

SPEC REPOS:
  trunk:
    - Alamofire
    - CRNotifications
    - FloatingPanel
    - GSKStretchyHeaderView
    - IQKeyboardManagerSwift
    - SDWebImage
    - SKCountryPicker
    - TransitionButton

SPEC CHECKSUMS:
  Alamofire: 85e8a02c69d6020a0d734f6054870d7ecb75cf18
  CRNotifications: 2799786cb63e104c75699843d8928afd680182f3
  FloatingPanel: bb17fd6fc7ae519f877f7bd30f4f6115a78acf07
  GSKStretchyHeaderView: 9743704c12bdc9cf7c7947bad3af8bf24f7061e3
  IQKeyboardManagerSwift: 0fb93310284665245591f50f7a5e38de615960b7
  SDWebImage: 783af2c3fa36291a250030c4752ee370a9a51d13
  SKCountryPicker: 7ad1e7dfb482cfb26855e33c2d70dbf1eaf218fe
  TransitionButton: 36283346e17c64775a1b3bc3a7a72940a367de1f

PODFILE CHECKSUM: 521ca89f4f20c877c7c206e6bc6d4aed9a873ec3

COCOAPODS: 1.8.4
